{
  "name": "mojave-dark-mode",
  "version": "0.2.5",
  "lockfileVersion": 1,
  "requires": true,
  "dependencies": {
    "@types/atom": {
      "version": "1.31.0",
      "resolved": "https://registry.npmjs.org/@types/atom/-/atom-1.31.0.tgz",
      "integrity": "sha512-U0ShGgn9c1jAHK7Q2yv4koof71qr167ODMmRVhsmshFtwEDy758awCLU1oK9hL+3NSYondaHEbgWo7oC/CtUMw==",
      "dev": true,
      "requires": {
        "@types/node": "*"
      }
    },
    "@types/node": {
      "version": "10.11.6",
      "resolved": "https://registry.npmjs.org/@types/node/-/node-10.11.6.tgz",
      "integrity": "sha512-fnA7yvqg3oKQDb3skBif9w5RRKVKAaeKeNuLzZL37XcSiWL4IoSXQnnbchR3UnBu2EMLHBip7ZVEkqoIVBP8QQ==",
      "dev": true
    },
    "typescript": {
      "version": "3.1.2",
      "resolved": "https://registry.npmjs.org/typescript/-/typescript-3.1.2.tgz",
      "integrity": "sha512-gOoGJWbNnFAfP9FlrSV63LYD5DJqYJHG5ky1kOXSl3pCImn4rqWy/flyq1BRd4iChQsoCqjbQaqtmXO4yCVPCA==",
      "dev": true
    }
  }
}
